
Microsoft Visual Studio Solution File, Format Version 12.00
# Visual Studio Version 17
VisualStudioVersion = 17.5.33530.505
MinimumVisualStudioVersion = 10.0.40219.1
Project("{FAE04EC0-301F-11D3-BF4B-00C04F79EFBC}") = "Metalhead.Examples.Mvvm.WpfSGDI", "Metalhead.Examples.Mvvm.WpfSGDI\Metalhead.Examples.Mvvm.WpfSGDI.csproj", "{D7394EEC-C10A-4C31-B342-C48B2F011B1D}"
EndProject
Global
	GlobalSection(SolutionConfigurationPlatforms) = preSolution
		Debug|Any CPU = Debug|Any CPU
		Release|Any CPU = Release|Any CPU
	EndGlobalSection
	GlobalSection(ProjectConfigurationPlatforms) = postSolution
		{D7394EEC-C10A-4C31-B342-C48B2F011B1D}.Debug|Any CPU.ActiveCfg = Debug|Any CPU
		{D7394EEC-C10A-4C31-B342-C48B2F011B1D}.Debug|Any CPU.Build.0 = Debug|Any CPU
		{D7394EEC-C10A-4C31-B342-C48B2F011B1D}.Release|Any CPU.ActiveCfg = Release|Any CPU
		{D7394EEC-C10A-4C31-B342-C48B2F011B1D}.Release|Any CPU.Build.0 = Release|Any CPU
	EndGlobalSection
	GlobalSection(SolutionProperties) = preSolution
		HideSolutionNode = FALSE
	EndGlobalSection
	GlobalSection(ExtensibilityGlobals) = postSolution
		SolutionGuid = {2F231FE0-D8C7-4BB2-80E5-BC15D7DE74C0}
	EndGlobalSection
EndGlobal
